
Microsoft Visual Studio Solution File, Format Version 12.00
Project("{FAE04EC0-301F-11D3-BF4B-00C04F79EFBC}") = "Cookbook", "Cookbook.csproj", "{993F391F-4003-44EF-B039-755DA1304D38}"
EndProject
Global
	GlobalSection(SolutionConfigurationPlatforms) = preSolution
		Debug|Any CPU = Debug|Any CPU
		Release|Any CPU = Release|Any CPU
	EndGlobalSection
	GlobalSection(ProjectConfigurationPlatforms) = postSolution
		{993F391F-4003-44EF-B039-755DA1304D38}.Debug|Any CPU.ActiveCfg = Debug|Any CPU
		{993F391F-4003-44EF-B039-755DA1304D38}.Debug|Any CPU.Build.0 = Debug|Any CPU
		{993F391F-4003-44EF-B039-755DA1304D38}.Release|Any CPU.ActiveCfg = Release|Any CPU
		{993F391F-4003-44EF-B039-755DA1304D38}.Release|Any CPU.Build.0 = Release|Any CPU
	EndGlobalSection
EndGlobal
